
Microsoft Visual Studio Solution File, Format Version 12.00
# Visual Studio Version 16
VisualStudioVersion = 16.0.810.20
MinimumVisualStudioVersion = 10.0.40219.1
Project("{FAE04EC0-301F-11D3-BF4B-00C04F79EFBC}") = "empty-api", "empty-api\empty-api.csproj", "{5D83DF0D-A0B7-4624-A04C-495592A91D74}"
EndProject
Global
	GlobalSection(SolutionConfigurationPlatforms) = preSolution
		Debug|Any CPU = Debug|Any CPU
		Release|Any CPU = Release|Any CPU
	EndGlobalSection
	GlobalSection(ProjectConfigurationPlatforms) = postSolution
		{5D83DF0D-A0B7-4624-A04C-495592A91D74}.Debug|Any CPU.ActiveCfg = Debug|Any CPU
		{5D83DF0D-A0B7-4624-A04C-495592A91D74}.Debug|Any CPU.Build.0 = Debug|Any CPU
		{5D83DF0D-A0B7-4624-A04C-495592A91D74}.Release|Any CPU.ActiveCfg = Release|Any CPU
		{5D83DF0D-A0B7-4624-A04C-495592A91D74}.Release|Any CPU.Build.0 = Release|Any CPU
	EndGlobalSection
	GlobalSection(SolutionProperties) = preSolution
		HideSolutionNode = FALSE
	EndGlobalSection
	GlobalSection(ExtensibilityGlobals) = postSolution
		SolutionGuid = {E1314436-A7EB-479C-8ACA-ACCB64648221}
	EndGlobalSection
EndGlobal
